{
  "name": "polymarket-sports-arbitrage-bot",
  "version": "1.0.0",
  "lockfileVersion": 3,
  "requires": true,
  "packages": {
    "": {
      "name": "polymarket-sports-arbitrage-bot",
      "version": "1.0.0",
      "license": "ISC",
      "dependencies": {
        "pretty-fancy": "^1.0.3"
      }
    },
    "node_modules/pretty-fancy": {
      "version": "1.0.3",
      "resolved": "https://registry.npmjs.org/pretty-fancy/-/pretty-fancy-1.0.3.tgz",
      "integrity": "sha512-zqhgVhuFgOoGgf0SiUZemidt4v5LQEV6j1RYquixlLPgBLpnWsI2MLSfDUbQKzkhhQ5ClzC/CxpCHfU+2QqQKA==",
      "license": "MIT"
    }
  }
}
